{
	"name": "@wandering-app/types-observablehq_inspector",
	"version": "0.0.0",
	"lockfileVersion": 2,
	"requires": true,
	"packages": {
		"": {
			"name": "@wandering-app/types-observablehq_inspector",
			"version": "0.0.0",
			"license": "MIT",
			"devDependencies": {
				"@observablehq/inspector": "^5.0.0"
			}
		},
		"node_modules/@observablehq/inspector": {
			"version": "5.0.0",
			"resolved": "https://registry.npmjs.org/@observablehq/inspector/-/inspector-5.0.0.tgz",
			"integrity": "sha512-Vvg/TQdsZTUaeYbH0IKxYEz37FbRO6kdowoz2PrHLQif54NC1CjEihEjg+ZMSBn587GQxTFABu0CGkFZgtR1UQ==",
			"dev": true,
			"dependencies": {
				"isoformat": "^0.2.0"
			}
		},
		"node_modules/isoformat": {
			"version": "0.2.1",
			"resolved": "https://registry.npmjs.org/isoformat/-/isoformat-0.2.1.tgz",
			"integrity": "sha512-tFLRAygk9NqrRPhJSnNGh7g7oaVWDwR0wKh/GM2LgmPa50Eg4UfyaCO4I8k6EqJHl1/uh2RAD6g06n5ygEnrjQ==",
			"dev": true
		}
	},
	"dependencies": {
		"@observablehq/inspector": {
			"version": "5.0.0",
			"resolved": "https://registry.npmjs.org/@observablehq/inspector/-/inspector-5.0.0.tgz",
			"integrity": "sha512-Vvg/TQdsZTUaeYbH0IKxYEz37FbRO6kdowoz2PrHLQif54NC1CjEihEjg+ZMSBn587GQxTFABu0CGkFZgtR1UQ==",
			"dev": true,
			"requires": {
				"isoformat": "^0.2.0"
			}
		},
		"isoformat": {
			"version": "0.2.1",
			"resolved": "https://registry.npmjs.org/isoformat/-/isoformat-0.2.1.tgz",
			"integrity": "sha512-tFLRAygk9NqrRPhJSnNGh7g7oaVWDwR0wKh/GM2LgmPa50Eg4UfyaCO4I8k6EqJHl1/uh2RAD6g06n5ygEnrjQ==",
			"dev": true
		}
	}
}
